// !$*UTF8*$!
{
	archiveVersion = 1;
	classes = {
	};
	objectVersion = 56;
	objects = {

/* Begin PBXBuildFile section */
		24AEF4DF2A5ED2F00092C771 /* myRace_swiftuiApp.swift in Sources */ = {isa = PBXBuildFile; fileRef = 24AEF4DE2A5ED2F00092C771 /* myRace_swiftuiApp.swift */; };
		24AEF4E12A5ED2F00092C771 /* ContentView.swift in Sources */ = {isa = PBXBuildFile; fileRef = 24AEF4E02A5ED2F00092C771 /* ContentView.swift */; };
		24AEF4E32A5ED2F10092C771 /* Assets.xcassets in Resources */ = {isa = PBXBuildFile; fileRef = 24AEF4E22A5ED2F10092C771 /* Assets.xcassets */; };
		24AEF4E62A5ED2F10092C771 /* Preview Assets.xcassets in Resources */ = {isa = PBXBuildFile; fileRef = 24AEF4E52A5ED2F10092C771 /* Preview Assets.xcassets */; };
		24AEF4F02A5ED2F20092C771 /* myRace_swiftuiTests.swift in Sources */ = {isa = PBXBuildFile; fileRef = 24AEF4EF2A5ED2F20092C771 /* myRace_swiftuiTests.swift */; };
		24AEF4FA2A5ED2F20092C771 /* myRace_swiftuiUITests.swift in Sources */ = {isa = PBXBuildFile; fileRef = 24AEF4F92A5ED2F20092C771 /* myRace_swiftuiUITests.swift */; };
		24AEF4FC2A5ED2F20092C771 /* myRace_swiftuiUITestsLaunchTests.swift in Sources */ = {isa = PBXBuildFile; fileRef = 24AEF4FB2A5ED2F20092C771 /* myRace_swiftuiUITestsLaunchTests.swift */; };
/* End PBXBuildFile section */

/* Begin PBXContainerItemProxy section */
		24AEF4EC2A5ED2F20092C771 /* PBXContainerItemProxy */ = {
			isa = PBXContainerItemProxy;
			containerPortal = 24AEF4D32A5ED2F00092C771 /* Project object */;
			proxyType = 1;
			remoteGlobalIDString = 24AEF4DA2A5ED2F00092C771;
			remoteInfo = myRace.swiftui;
		};
		24AEF4F62A5ED2F20092C771 /* PBXContainerItemProxy */ = {
			isa = PBXContainerItemProxy;
			containerPortal = 24AEF4D32A5ED2F00092C771 /* Project object */;
			proxyType = 1;
			remoteGlobalIDString = 24AEF4DA2A5ED2F00092C771;
			remoteInfo = myRace.swiftui;
		};
/* End PBXContainerItemProxy section */

/* Begin PBXFileReference section */
		24AEF4DB2A5ED2F00092C771 /* myRace.swiftui.app */ = {isa = PBXFileReference; explicitFileType = wrapper.application; includeInIndex = 0; path = myRace.swiftui.app; sourceTree = BUILT_PRODUCTS_DIR; };
		24AEF4DE2A5ED2F00092C771 /* myRace_swiftuiApp.swift */ = {isa = PBXFileReference; lastKnownFileType = sourcecode.swift; path = myRace_swiftuiApp.swift; sourceTree = "<group>"; };
		24AEF4E02A5ED2F00092C771 /* ContentView.swift */ = {isa = PBXFileReference; lastKnownFileType = sourcecode.swift; path = ContentView.swift; sourceTree = "<group>"; };
		24AEF4E22A5ED2F10092C771 /* Assets.xcassets */ = {isa = PBXFileReference; lastKnownFileType = folder.assetcatalog; path = Assets.xcassets; sourceTree = "<group>"; };
		24AEF4E52A5ED2F10092C771 /* Preview Assets.xcassets */ = {isa = PBXFileReference; lastKnownFileType = folder.assetcatalog; path = "Preview Assets.xcassets"; sourceTree = "<group>"; };
		24AEF4EB2A5ED2F20092C771 /* myRace.swiftuiTests.xctest */ = {isa = PBXFileReference; explicitFileType = wrapper.cfbundle; includeInIndex = 0; path = myRace.swiftuiTests.xctest; sourceTree = BUILT_PRODUCTS_DIR; };
		24AEF4EF2A5ED2F20092C771 /* myRace_swiftuiTests.swift */ = {isa = PBXFileReference; lastKnownFileType = sourcecode.swift; path = myRace_swiftuiTests.swift; sourceTree = "<group>"; };
		24AEF4F52A5ED2F20092C771 /* myRace.swiftuiUITests.xctest */ = {isa = PBXFileReference; explicitFileType = wrapper.cfbundle; includeInIndex = 0; path = myRace.swiftuiUITests.xctest; sourceTree = BUILT_PRODUCTS_DIR; };
		24AEF4F92A5ED2F20092C771 /* myRace_swiftuiUITests.swift */ = {isa = PBXFileReference; lastKnownFileType = sourcecode.swift; path = myRace_swiftuiUITests.swift; sourceTree = "<group>"; };
		24AEF4FB2A5ED2F20092C771 /* myRace_swiftuiUITestsLaunchTests.swift */ = {isa = PBXFileReference; lastKnownFileType = sourcecode.swift; path = myRace_swiftuiUITestsLaunchTests.swift; sourceTree = "<group>"; };
/* End PBXFileReference section */

/* Begin PBXFrameworksBuildPhase section */
		24AEF4D82A5ED2F00092C771 /* Frameworks */ = {
			isa = PBXFrameworksBuildPhase;
			buildActionMask = 2147483647;
			files = (
			);
			runOnlyForDeploymentPostprocessing = 0;
		};
		24AEF4E82A5ED2F20092C771 /* Frameworks */ = {
			isa = PBXFrameworksBuildPhase;
			buildActionMask = 2147483647;
			files = (
			);
			runOnlyForDeploymentPostprocessing = 0;
		};
		24AEF4F22A5ED2F20092C771 /* Frameworks */ = {
			isa = PBXFrameworksBuildPhase;
			buildActionMask = 2147483647;
			files = (
			);
			runOnlyForDeploymentPostprocessing = 0;
		};
/* End PBXFrameworksBuildPhase section */

/* Begin PBXGroup section */
		24AEF4D22A5ED2F00092C771 = {
			isa = PBXGroup;
			children = (
				24AEF4DD2A5ED2F00092C771 /* myRace.swiftui */,
				24AEF4EE2A5ED2F20092C771 /* myRace.swiftuiTests */,
				24AEF4F82A5ED2F20092C771 /* myRace.swiftuiUITests */,
				24AEF4DC2A5ED2F00092C771 /* Products */,
			);
			sourceTree = "<group>";
		};
		24AEF4DC2A5ED2F00092C771 /* Products */ = {
			isa = PBXGroup;
			children = (
				24AEF4DB2A5ED2F00092C771 /* myRace.swiftui.app */,
				24AEF4EB2A5ED2F20092C771 /* myRace.swiftuiTests.xctest */,
				24AEF4F52A5ED2F20092C771 /* myRace.swiftuiUITests.xctest */,
			);
			name = Products;
			sourceTree = "<group>";
		};
		24AEF4DD2A5ED2F00092C771 /* myRace.swiftui */ = {
			isa = PBXGroup;
			children = (
				24AEF4DE2A5ED2F00092C771 /* myRace_swiftuiApp.swift */,
				24AEF4E02A5ED2F00092C771 /* ContentView.swift */,
				24AEF4E22A5ED2F10092C771 /* Assets.xcassets */,
				24AEF4E42A5ED2F10092C771 /* Preview Content */,
			);
			path = myRace.swiftui;
			sourceTree = "<group>";
		};
		24AEF4E42A5ED2F10092C771 /* Preview Content */ = {
			isa = PBXGroup;
			children = (
				24AEF4E52A5ED2F10092C771 /* Preview Assets.xcassets */,
			);
			path = "Preview Content";
			sourceTree = "<group>";
		};
		24AEF4EE2A5ED2F20092C771 /* myRace.swiftuiTests */ = {
			isa = PBXGroup;
			children = (
				24AEF4EF2A5ED2F20092C771 /* myRace_swiftuiTests.swift */,
			);
			path = myRace.swiftuiTests;
			sourceTree = "<group>";
		};
		24AEF4F82A5ED2F20092C771 /* myRace.swiftuiUITests */ = {
			isa = PBXGroup;
			children = (
				24AEF4F92A5ED2F20092C771 /* myRace_swiftuiUITests.swift */,
				24AEF4FB2A5ED2F20092C771 /* myRace_swiftuiUITestsLaunchTests.swift */,
			);
			path = myRace.swiftuiUITests;
			sourceTree = "<group>";
		};
/* End PBXGroup section */

/* Begin PBXNativeTarget section */
		24AEF4DA2A5ED2F00092C771 /* myRace.swiftui */ = {
			isa = PBXNativeTarget;
			buildConfigurationList = 24AEF4FF2A5ED2F20092C771 /* Build configuration list for PBXNativeTarget "myRace.swiftui" */;
			buildPhases = (
				24AEF4D72A5ED2F00092C771 /* Sources */,
				24AEF4D82A5ED2F00092C771 /* Frameworks */,
				24AEF4D92A5ED2F00092C771 /* Resources */,
			);
			buildRules = (
			);
			dependencies = (
			);
			name = myRace.swiftui;
			productName = myRace.swiftui;
			productReference = 24AEF4DB2A5ED2F00092C771 /* myRace.swiftui.app */;
			productType = "com.apple.product-type.application";
		};
		24AEF4EA2A5ED2F20092C771 /* myRace.swiftuiTests */ = {
			isa = PBXNativeTarget;
			buildConfigurationList = 24AEF5022A5ED2F20092C771 /* Build configuration list for PBXNativeTarget "myRace.swiftuiTests" */;
			buildPhases = (
				24AEF4E72A5ED2F20092C771 /* Sources */,
				24AEF4E82A5ED2F20092C771 /* Frameworks */,
				24AEF4E92A5ED2F20092C771 /* Resources */,
			);
			buildRules = (
			);
			dependencies = (
				24AEF4ED2A5ED2F20092C771 /* PBXTargetDependency */,
			);
			name = myRace.swiftuiTests;
			productName = myRace.swiftuiTests;
			productReference = 24AEF4EB2A5ED2F20092C771 /* myRace.swiftuiTests.xctest */;
			productType = "com.apple.product-type.bundle.unit-test";
		};
		24AEF4F42A5ED2F20092C771 /* myRace.swiftuiUITests */ = {
			isa = PBXNativeTarget;
			buildConfigurationList = 24AEF5052A5ED2F20092C771 /* Build configuration list for PBXNativeTarget "myRace.swiftuiUITests" */;
			buildPhases = (
				24AEF4F12A5ED2F20092C771 /* Sources */,
				24AEF4F22A5ED2F20092C771 /* Frameworks */,
				24AEF4F32A5ED2F20092C771 /* Resources */,
			);
			buildRules = (
			);
			dependencies = (
				24AEF4F72A5ED2F20092C771 /* PBXTargetDependency */,
			);
			name = myRace.swiftuiUITests;
			productName = myRace.swiftuiUITests;
			productReference = 24AEF4F52A5ED2F20092C771 /* myRace.swiftuiUITests.xctest */;
			productType = "com.apple.product-type.bundle.ui-testing";
		};
/* End PBXNativeTarget section */

/* Begin PBXProject section */
		24AEF4D32A5ED2F00092C771 /* Project object */ = {
			isa = PBXProject;
			attributes = {
				BuildIndependentTargetsInParallel = 1;
				LastSwiftUpdateCheck = 1430;
				LastUpgradeCheck = 1430;
				TargetAttributes = {
					24AEF4DA2A5ED2F00092C771 = {
						CreatedOnToolsVersion = 14.3.1;
					};
					24AEF4EA2A5ED2F20092C771 = {
						CreatedOnToolsVersion = 14.3.1;
						TestTargetID = 24AEF4DA2A5ED2F00092C771;
					};
					24AEF4F42A5ED2F20092C771 = {
						CreatedOnToolsVersion = 14.3.1;
						TestTargetID = 24AEF4DA2A5ED2F00092C771;
					};
				};
			};
			buildConfigurationList = 24AEF4D62A5ED2F00092C771 /* Build configuration list for PBXProject "myRace.swiftui" */;
			compatibilityVersion = "Xcode 14.0";
			developmentRegion = en;
			hasScannedForEncodings = 0;
			knownRegions = (
				en,
				Base,
			);
			mainGroup = 24AEF4D22A5ED2F00092C771;
			productRefGroup = 24AEF4DC2A5ED2F00092C771 /* Products */;
			projectDirPath = "";
			projectRoot = "";
			targets = (
				24AEF4DA2A5ED2F00092C771 /* myRace.swiftui */,
				24AEF4EA2A5ED2F20092C771 /* myRace.swiftuiTests */,
				24AEF4F42A5ED2F20092C771 /* myRace.swiftuiUITests */,
			);
		};
/* End PBXProject section */

/* Begin PBXResourcesBuildPhase section */
		24AEF4D92A5ED2F00092C771 /* Resources */ = {
			isa = PBXResourcesBuildPhase;
			buildActionMask = 2147483647;
			files = (
				24AEF4E62A5ED2F10092C771 /* Preview Assets.xcassets in Resources */,
				24AEF4E32A5ED2F10092C771 /* Assets.xcassets in Resources */,
			);
			runOnlyForDeploymentPostprocessing = 0;
		};
		24AEF4E92A5ED2F20092C771 /* Resources */ = {
			isa = PBXResourcesBuildPhase;
			buildActionMask = 2147483647;
			files = (
			);
			runOnlyForDeploymentPostprocessing = 0;
		};
		24AEF4F32A5ED2F20092C771 /* Resources */ = {
			isa = PBXResourcesBuildPhase;
			buildActionMask = 2147483647;
			files = (
			);
			runOnlyForDeploymentPostprocessing = 0;
		};
/* End PBXResourcesBuildPhase section */

/* Begin PBXSourcesBuildPhase section */
		24AEF4D72A5ED2F00092C771 /* Sources */ = {
			isa = PBXSourcesBuildPhase;
			buildActionMask = 2147483647;
			files = (
				24AEF4E12A5ED2F00092C771 /* ContentView.swift in Sources */,
				24AEF4DF2A5ED2F00092C771 /* myRace_swiftuiApp.swift in Sources */,
			);
			runOnlyForDeploymentPostprocessing = 0;
		};
		24AEF4E72A5ED2F20092C771 /* Sources */ = {
			isa = PBXSourcesBuildPhase;
			buildActionMask = 2147483647;
			files = (
				24AEF4F02A5ED2F20092C771 /* myRace_swiftuiTests.swift in Sources */,
			);
			runOnlyForDeploymentPostprocessing = 0;
		};
		24AEF4F12A5ED2F20092C771 /* Sources */ = {
			isa = PBXSourcesBuildPhase;
			buildActionMask = 2147483647;
			files = (
				24AEF4FA2A5ED2F20092C771 /* myRace_swiftuiUITests.swift in Sources */,
				24AEF4FC2A5ED2F20092C771 /* myRace_swiftuiUITestsLaunchTests.swift in Sources */,
			);
			runOnlyForDeploymentPostprocessing = 0;
		};
/* End PBXSourcesBuildPhase section */

/* Begin PBXTargetDependency section */
		24AEF4ED2A5ED2F20092C771 /* PBXTargetDependency */ = {
			isa = PBXTargetDependency;
			target = 24AEF4DA2A5ED2F00092C771 /* myRace.swiftui */;
			targetProxy = 24AEF4EC2A5ED2F20092C771 /* PBXContainerItemProxy */;
		};
		24AEF4F72A5ED2F20092C771 /* PBXTargetDependency */ = {
			isa = PBXTargetDependency;
			target = 24AEF4DA2A5ED2F00092C771 /* myRace.swiftui */;
			targetProxy = 24AEF4F62A5ED2F20092C771 /* PBXContainerItemProxy */;
		};
/* End PBXTargetDependency section */

/* Begin XCBuildConfiguration section */
		24AEF4FD2A5ED2F20092C771 /* Debug */ = {
			isa = XCBuildConfiguration;
			buildSettings = {
				ALWAYS_SEARCH_USER_PATHS = NO;
				CLANG_ANALYZER_NONNULL = YES;
				CLANG_ANALYZER_NUMBER_OBJECT_CONVERSION = YES_AGGRESSIVE;
				CLANG_CXX_LANGUAGE_STANDARD = "gnu++20";
				CLANG_ENABLE_MODULES = YES;
				CLANG_ENABLE_OBJC_ARC = YES;
				CLANG_ENABLE_OBJC_WEAK = YES;
				CLANG_WARN_BLOCK_CAPTURE_AUTORELEASING = YES;
				CLANG_WARN_BOOL_CONVERSION = YES;
				CLANG_WARN_COMMA = YES;
				CLANG_WARN_CONSTANT_CONVERSION = YES;
				CLANG_WARN_DEPRECATED_OBJC_IMPLEMENTATIONS = YES;
				CLANG_WARN_DIRECT_OBJC_ISA_USAGE = YES_ERROR;
				CLANG_WARN_DOCUMENTATION_COMMENTS = YES;
				CLANG_WARN_EMPTY_BODY = YES;
				CLANG_WARN_ENUM_CONVERSION = YES;
				CLANG_WARN_INFINITE_RECURSION = YES;
				CLANG_WARN_INT_CONVERSION = YES;
				CLANG_WARN_NON_LITERAL_NULL_CONVERSION = YES;
				CLANG_WARN_OBJC_IMPLICIT_RETAIN_SELF = YES;
				CLANG_WARN_OBJC_LITERAL_CONVERSION = YES;
				CLANG_WARN_OBJC_ROOT_CLASS = YES_ERROR;
				CLANG_WARN_QUOTED_INCLUDE_IN_FRAMEWORK_HEADER = YES;
				CLANG_WARN_RANGE_LOOP_ANALYSIS = YES;
				CLANG_WARN_STRICT_PROTOTYPES = YES;
				CLANG_WARN_SUSPICIOUS_MOVE = YES;
				CLANG_WARN_UNGUARDED_AVAILABILITY = YES_AGGRESSIVE;
				CLANG_WARN_UNREACHABLE_CODE = YES;
				CLANG_WARN__DUPLICATE_METHOD_MATCH = YES;
				COPY_PHASE_STRIP = NO;
				DEBUG_INFORMATION_FORMAT = dwarf;
				ENABLE_STRICT_OBJC_MSGSEND = YES;
				ENABLE_TESTABILITY = YES;
				GCC_C_LANGUAGE_STANDARD = gnu11;
				GCC_DYNAMIC_NO_PIC = NO;
				GCC_NO_COMMON_BLOCKS = YES;
				GCC_OPTIMIZATION_LEVEL = 0;
				GCC_PREPROCESSOR_DEFINITIONS = (
					"DEBUG=1",
					"$(inherited)",
				);
				GCC_WARN_64_TO_32_BIT_CONVERSION = YES;
				GCC_WARN_ABOUT_RETURN_TYPE = YES_ERROR;
				GCC_WARN_UNDECLARED_SELECTOR = YES;
				GCC_WARN_UNINITIALIZED_AUTOS = YES_AGGRESSIVE;
				GCC_WARN_UNUSED_FUNCTION = YES;
				GCC_WARN_UNUSED_VARIABLE = YES;
				IPHONEOS_DEPLOYMENT_TARGET = 16.4;
				MTL_ENABLE_DEBUG_INFO = INCLUDE_SOURCE;
				MTL_FAST_MATH = YES;
				ONLY_ACTIVE_ARCH = YES;
				SDKROOT = iphoneos;
				SWIFT_ACTIVE_COMPILATION_CONDITIONS = DEBUG;
				SWIFT_OPTIMIZATION_LEVEL = "-Onone";
			};
			name = Debug;
		};
		24AEF4FE2A5ED2F20092C771 /* Release */ = {
			isa = XCBuildConfiguration;
			buildSettings = {
				ALWAYS_SEARCH_USER_PATHS = NO;
				CLANG_ANALYZER_NONNULL = YES;
				CLANG_ANALYZER_NUMBER_OBJECT_CONVERSION = YES_AGGRESSIVE;
				CLANG_CXX_LANGUAGE_STANDARD = "gnu++20";
				CLANG_ENABLE_MODULES = YES;
				CLANG_ENABLE_OBJC_ARC = YES;
				CLANG_ENABLE_OBJC_WEAK = YES;
				CLANG_WARN_BLOCK_CAPTURE_AUTORELEASING = YES;
				CLANG_WARN_BOOL_CONVERSION = YES;
				CLANG_WARN_COMMA = YES;
				CLANG_WARN_CONSTANT_CONVERSION = YES;
				CLANG_WARN_DEPRECATED_OBJC_IMPLEMENTATIONS = YES;
				CLANG_WARN_DIRECT_OBJC_ISA_USAGE = YES_ERROR;
				CLANG_WARN_DOCUMENTATION_COMMENTS = YES;
				CLANG_WARN_EMPTY_BODY = YES;
				CLANG_WARN_ENUM_CONVERSION = YES;
				CLANG_WARN_INFINITE_RECURSION = YES;
				CLANG_WARN_INT_CONVERSION = YES;
				CLANG_WARN_NON_LITERAL_NULL_CONVERSION = YES;
				CLANG_WARN_OBJC_IMPLICIT_RETAIN_SELF = YES;
				CLANG_WARN_OBJC_LITERAL_CONVERSION = YES;
				CLANG_WARN_OBJC_ROOT_CLASS = YES_ERROR;
				CLANG_WARN_QUOTED_INCLUDE_IN_FRAMEWORK_HEADER = YES;
				CLANG_WARN_RANGE_LOOP_ANALYSIS = YES;
				CLANG_WARN_STRICT_PROTOTYPES = YES;
				CLANG_WARN_SUSPICIOUS_MOVE = YES;
				CLANG_WARN_UNGUARDED_AVAILABILITY = YES_AGGRESSIVE;
				CLANG_WARN_UNREACHABLE_CODE = YES;
				CLANG_WARN__DUPLICATE_METHOD_MATCH = YES;
				COPY_PHASE_STRIP = NO;
				DEBUG_INFORMATION_FORMAT = "dwarf-with-dsym";
				ENABLE_NS_ASSERTIONS = NO;
				ENABLE_STRICT_OBJC_MSGSEND = YES;
				GCC_C_LANGUAGE_STANDARD = gnu11;
				GCC_NO_COMMON_BLOCKS = YES;
				GCC_WARN_64_TO_32_BIT_CONVERSION = YES;
				GCC_WARN_ABOUT_RETURN_TYPE = YES_ERROR;
				GCC_WARN_UNDECLARED_SELECTOR = YES;
				GCC_WARN_UNINITIALIZED_AUTOS = YES_AGGRESSIVE;
				GCC_WARN_UNUSED_FUNCTION = YES;
				GCC_WARN_UNUSED_VARIABLE = YES;
				IPHONEOS_DEPLOYMENT_TARGET = 16.4;
				MTL_ENABLE_DEBUG_INFO = NO;
				MTL_FAST_MATH = YES;
				SDKROOT = iphoneos;
				SWIFT_COMPILATION_MODE = wholemodule;
				SWIFT_OPTIMIZATION_LEVEL = "-O";
				VALIDATE_PRODUCT = YES;
			};
			name = Release;
		};
		24AEF5002A5ED2F20092C771 /* Debug */ = {
			isa = XCBuildConfiguration;
			buildSettings = {
				ASSETCATALOG_COMPILER_APPICON_NAME = AppIcon;
				ASSETCATALOG_COMPILER_GLOBAL_ACCENT_COLOR_NAME = AccentColor;
				CODE_SIGN_STYLE = Automatic;
				CURRENT_PROJECT_VERSION = 1;
				DEVELOPMENT_ASSET_PATHS = "\"myRace.swiftui/Preview Content\"";
				ENABLE_PREVIEWS = YES;
				GENERATE_INFOPLIST_FILE = YES;
				INFOPLIST_KEY_UIApplicationSceneManifest_Generation = YES;
				INFOPLIST_KEY_UIApplicationSupportsIndirectInputEvents = YES;
				INFOPLIST_KEY_UILaunchScreen_Generation = YES;
				INFOPLIST_KEY_UISupportedInterfaceOrientations_iPad = "UIInterfaceOrientationPortrait UIInterfaceOrientationPortraitUpsideDown UIInterfaceOrientationLandscapeLeft UIInterfaceOrientationLandscapeRight";
				INFOPLIST_KEY_UISupportedInterfaceOrientations_iPhone = "UIInterfaceOrientationPortrait UIInterfaceOrientationLandscapeLeft UIInterfaceOrientationLandscapeRight";
				LD_RUNPATH_SEARCH_PATHS = (
					"$(inherited)",
					"@executable_path/Frameworks",
				);
				MARKETING_VERSION = 1.0;
				PRODUCT_BUNDLE_IDENTIFIER = "dev.yanbo.myRace-swiftui";
				PRODUCT_NAME = "$(TARGET_NAME)";
				SWIFT_EMIT_LOC_STRINGS = YES;
				SWIFT_VERSION = 5.0;
				TARGETED_DEVICE_FAMILY = "1,2";
			};
			name = Debug;
		};
		24AEF5012A5ED2F20092C771 /* Release */ = {
			isa = XCBuildConfiguration;
			buildSettings = {
				ASSETCATALOG_COMPILER_APPICON_NAME = AppIcon;
				ASSETCATALOG_COMPILER_GLOBAL_ACCENT_COLOR_NAME = AccentColor;
				CODE_SIGN_STYLE = Automatic;
				CURRENT_PROJECT_VERSION = 1;
				DEVELOPMENT_ASSET_PATHS = "\"myRace.swiftui/Preview Content\"";
				ENABLE_PREVIEWS = YES;
				GENERATE_INFOPLIST_FILE = YES;
				INFOPLIST_KEY_UIApplicationSceneManifest_Generation = YES;
				INFOPLIST_KEY_UIApplicationSupportsIndirectInputEvents = YES;
				INFOPLIST_KEY_UILaunchScreen_Generation = YES;
				INFOPLIST_KEY_UISupportedInterfaceOrientations_iPad = "UIInterfaceOrientationPortrait UIInterfaceOrientationPortraitUpsideDown UIInterfaceOrientationLandscapeLeft UIInterfaceOrientationLandscapeRight";
				INFOPLIST_KEY_UISupportedInterfaceOrientations_iPhone = "UIInterfaceOrientationPortrait UIInterfaceOrientationLandscapeLeft UIInterfaceOrientationLandscapeRight";
				LD_RUNPATH_SEARCH_PATHS = (
					"$(inherited)",
					"@executable_path/Frameworks",
				);
				MARKETING_VERSION = 1.0;
				PRODUCT_BUNDLE_IDENTIFIER = "dev.yanbo.myRace-swiftui";
				PRODUCT_NAME = "$(TARGET_NAME)";
				SWIFT_EMIT_LOC_STRINGS = YES;
				SWIFT_VERSION = 5.0;
				TARGETED_DEVICE_FAMILY = "1,2";
			};
			name = Release;
		};
		24AEF5032A5ED2F20092C771 /* Debug */ = {
			isa = XCBuildConfiguration;
			buildSettings = {
				ALWAYS_EMBED_SWIFT_STANDARD_LIBRARIES = YES;
				BUNDLE_LOADER = "$(TEST_HOST)";
				CODE_SIGN_STYLE = Automatic;
				CURRENT_PROJECT_VERSION = 1;
				GENERATE_INFOPLIST_FILE = YES;
				IPHONEOS_DEPLOYMENT_TARGET = 16.4;
				MARKETING_VERSION = 1.0;
				PRODUCT_BUNDLE_IDENTIFIER = "dev.yanbo.myRace-swiftuiTests";
				PRODUCT_NAME = "$(TARGET_NAME)";
				SWIFT_EMIT_LOC_STRINGS = NO;
				SWIFT_VERSION = 5.0;
				TARGETED_DEVICE_FAMILY = "1,2";
				TEST_HOST = "$(BUILT_PRODUCTS_DIR)/myRace.swiftui.app/$(BUNDLE_EXECUTABLE_FOLDER_PATH)/myRace.swiftui";
			};
			name = Debug;
		};
		24AEF5042A5ED2F20092C771 /* Release */ = {
			isa = XCBuildConfiguration;
			buildSettings = {
				ALWAYS_EMBED_SWIFT_STANDARD_LIBRARIES = YES;
				BUNDLE_LOADER = "$(TEST_HOST)";
				CODE_SIGN_STYLE = Automatic;
				CURRENT_PROJECT_VERSION = 1;
				GENERATE_INFOPLIST_FILE = YES;
				IPHONEOS_DEPLOYMENT_TARGET = 16.4;
				MARKETING_VERSION = 1.0;
				PRODUCT_BUNDLE_IDENTIFIER = "dev.yanbo.myRace-swiftuiTests";
				PRODUCT_NAME = "$(TARGET_NAME)";
				SWIFT_EMIT_LOC_STRINGS = NO;
				SWIFT_VERSION = 5.0;
				TARGETED_DEVICE_FAMILY = "1,2";
				TEST_HOST = "$(BUILT_PRODUCTS_DIR)/myRace.swiftui.app/$(BUNDLE_EXECUTABLE_FOLDER_PATH)/myRace.swiftui";
			};
			name = Release;
		};
		24AEF5062A5ED2F20092C771 /* Debug */ = {
			isa = XCBuildConfiguration;
			buildSettings = {
				ALWAYS_EMBED_SWIFT_STANDARD_LIBRARIES = YES;
				CODE_SIGN_STYLE = Automatic;
				CURRENT_PROJECT_VERSION = 1;
				GENERATE_INFOPLIST_FILE = YES;
				MARKETING_VERSION = 1.0;
				PRODUCT_BUNDLE_IDENTIFIER = "dev.yanbo.myRace-swiftuiUITests";
				PRODUCT_NAME = "$(TARGET_NAME)";
				SWIFT_EMIT_LOC_STRINGS = NO;
				SWIFT_VERSION = 5.0;
				TARGETED_DEVICE_FAMILY = "1,2";
				TEST_TARGET_NAME = myRace.swiftui;
			};
			name = Debug;
		};
		24AEF5072A5ED2F20092C771 /* Release */ = {
			isa = XCBuildConfiguration;
			buildSettings = {
				ALWAYS_EMBED_SWIFT_STANDARD_LIBRARIES = YES;
				CODE_SIGN_STYLE = Automatic;
				CURRENT_PROJECT_VERSION = 1;
				GENERATE_INFOPLIST_FILE = YES;
				MARKETING_VERSION = 1.0;
				PRODUCT_BUNDLE_IDENTIFIER = "dev.yanbo.myRace-swiftuiUITests";
				PRODUCT_NAME = "$(TARGET_NAME)";
				SWIFT_EMIT_LOC_STRINGS = NO;
				SWIFT_VERSION = 5.0;
				TARGETED_DEVICE_FAMILY = "1,2";
				TEST_TARGET_NAME = myRace.swiftui;
			};
			name = Release;
		};
/* End XCBuildConfiguration section */

/* Begin XCConfigurationList section */
		24AEF4D62A5ED2F00092C771 /* Build configuration list for PBXProject "myRace.swiftui" */ = {
			isa = XCConfigurationList;
			buildConfigurations = (
				24AEF4FD2A5ED2F20092C771 /* Debug */,
				24AEF4FE2A5ED2F20092C771 /* Release */,
			);
			defaultConfigurationIsVisible = 0;
			defaultConfigurationName = Release;
		};
		24AEF4FF2A5ED2F20092C771 /* Build configuration list for PBXNativeTarget "myRace.swiftui" */ = {
			isa = XCConfigurationList;
			buildConfigurations = (
				24AEF5002A5ED2F20092C771 /* Debug */,
				24AEF5012A5ED2F20092C771 /* Release */,
			);
			defaultConfigurationIsVisible = 0;
			defaultConfigurationName = Release;
		};
		24AEF5022A5ED2F20092C771 /* Build configuration list for PBXNativeTarget "myRace.swiftuiTests" */ = {
			isa = XCConfigurationList;
			buildConfigurations = (
				24AEF5032A5ED2F20092C771 /* Debug */,
				24AEF5042A5ED2F20092C771 /* Release */,
			);
			defaultConfigurationIsVisible = 0;
			defaultConfigurationName = Release;
		};
		24AEF5052A5ED2F20092C771 /* Build configuration list for PBXNativeTarget "myRace.swiftuiUITests" */ = {
			isa = XCConfigurationList;
			buildConfigurations = (
				24AEF5062A5ED2F20092C771 /* Debug */,
				24AEF5072A5ED2F20092C771 /* Release */,
			);
			defaultConfigurationIsVisible = 0;
			defaultConfigurationName = Release;
		};
/* End XCConfigurationList section */
	};
	rootObject = 24AEF4D32A5ED2F00092C771 /* Project object */;
}
